
Microsoft Visual Studio Solution File, Format Version 12.00
# Visual Studio for Mac
Project("{FAE04EC0-301F-11D3-BF4B-00C04F79EFBC}") = "Assembly-CSharp", "Assembly-CSharp.csproj", "{98A3C079-1352-72C4-FD2E-F8FCA78427E0}"
EndProject
Project("{FAE04EC0-301F-11D3-BF4B-00C04F79EFBC}") = "Assembly-CSharp-Editor", "Assembly-CSharp-Editor.csproj", "{8406A19A-F004-7EB0-DACE-6B24139C2022}"
EndProject
Global
	GlobalSection(SolutionConfigurationPlatforms) = preSolution
		Debug|Any CPU = Debug|Any CPU
		Release|Any CPU = Release|Any CPU
	EndGlobalSection
	GlobalSection(ProjectConfigurationPlatforms) = postSolution
		{98A3C079-1352-72C4-FD2E-F8FCA78427E0}.Debug|Any CPU.ActiveCfg = Debug|Any CPU
		{98A3C079-1352-72C4-FD2E-F8FCA78427E0}.Debug|Any CPU.Build.0 = Debug|Any CPU
		{98A3C079-1352-72C4-FD2E-F8FCA78427E0}.Release|Any CPU.ActiveCfg = Release|Any CPU
		{98A3C079-1352-72C4-FD2E-F8FCA78427E0}.Release|Any CPU.Build.0 = Release|Any CPU
		{8406A19A-F004-7EB0-DACE-6B24139C2022}.Debug|Any CPU.ActiveCfg = Debug|Any CPU
		{8406A19A-F004-7EB0-DACE-6B24139C2022}.Debug|Any CPU.Build.0 = Debug|Any CPU
		{8406A19A-F004-7EB0-DACE-6B24139C2022}.Release|Any CPU.ActiveCfg = Release|Any CPU
		{8406A19A-F004-7EB0-DACE-6B24139C2022}.Release|Any CPU.Build.0 = Release|Any CPU
	EndGlobalSection
	GlobalSection(SolutionProperties) = preSolution
		HideSolutionNode = FALSE
	EndGlobalSection
EndGlobal
